
Microsoft Visual Studio Solution File, Format Version 12.00
# Visual Studio 15
VisualStudioVersion = 15.0.27130.2010
MinimumVisualStudioVersion = 10.0.40219.1
Project("{9A19103F-16F7-4668-BE54-9A1E7A4F7556}") = "AzureFunctions.Extensions.GoogleBigQuery", "AzureFunctions.Extensions.GoogleBigQuery\AzureFunctions.Extensions.GoogleBigQuery.csproj", "{B781E2D4-4180-4BFA-96F3-EE4CB7E43E0D}"
EndProject
Project("{FAE04EC0-301F-11D3-BF4B-00C04F79EFBC}") = "AzureFunctions.Extensions.GoogleBigQuery.ComponentTests", "AzureFunctions.Extensions.GoogleBigQuery.ComponentTests\AzureFunctions.Extensions.GoogleBigQuery.ComponentTests.csproj", "{06CDE008-8819-4EEB-90C1-BDA83029D09A}"
EndProject
Project("{FAE04EC0-301F-11D3-BF4B-00C04F79EFBC}") = "AzureFunctions.Extensions.GoogleBigQuery.DemoProject1", "AzureFunctions.Extensions.GoogleBigQuery.DemoProject1\AzureFunctions.Extensions.GoogleBigQuery.DemoProject1.csproj", "{B117DF3E-C655-420C-B1F1-A30854B76334}"
EndProject
Global
	GlobalSection(SolutionConfigurationPlatforms) = preSolution
		Debug|Any CPU = Debug|Any CPU
		Release|Any CPU = Release|Any CPU
	EndGlobalSection
	GlobalSection(ProjectConfigurationPlatforms) = postSolution
		{B781E2D4-4180-4BFA-96F3-EE4CB7E43E0D}.Debug|Any CPU.ActiveCfg = Debug|Any CPU
		{B781E2D4-4180-4BFA-96F3-EE4CB7E43E0D}.Debug|Any CPU.Build.0 = Debug|Any CPU
		{B781E2D4-4180-4BFA-96F3-EE4CB7E43E0D}.Release|Any CPU.ActiveCfg = Release|Any CPU
		{B781E2D4-4180-4BFA-96F3-EE4CB7E43E0D}.Release|Any CPU.Build.0 = Release|Any CPU
		{06CDE008-8819-4EEB-90C1-BDA83029D09A}.Debug|Any CPU.ActiveCfg = Debug|Any CPU
		{06CDE008-8819-4EEB-90C1-BDA83029D09A}.Debug|Any CPU.Build.0 = Debug|Any CPU
		{06CDE008-8819-4EEB-90C1-BDA83029D09A}.Release|Any CPU.ActiveCfg = Release|Any CPU
		{06CDE008-8819-4EEB-90C1-BDA83029D09A}.Release|Any CPU.Build.0 = Release|Any CPU
		{B117DF3E-C655-420C-B1F1-A30854B76334}.Debug|Any CPU.ActiveCfg = Debug|Any CPU
		{B117DF3E-C655-420C-B1F1-A30854B76334}.Debug|Any CPU.Build.0 = Debug|Any CPU
		{B117DF3E-C655-420C-B1F1-A30854B76334}.Release|Any CPU.ActiveCfg = Release|Any CPU
		{B117DF3E-C655-420C-B1F1-A30854B76334}.Release|Any CPU.Build.0 = Release|Any CPU
	EndGlobalSection
	GlobalSection(SolutionProperties) = preSolution
		HideSolutionNode = FALSE
	EndGlobalSection
	GlobalSection(ExtensibilityGlobals) = postSolution
		SolutionGuid = {7FFAD7E7-052A-4BA0-9F59-7D4B913E0A39}
	EndGlobalSection
EndGlobal
